<?xml version="1.0" encoding="utf-8"?>
<Project ToolsVersion="4.0" xmlns="http://schemas.microsoft.com/developer/msbuild/2003">
  <ItemGroup>
    <None Include="packages.config" />
  </ItemGroup>
  <ItemGroup>
    <Filter Include="CoreLibrary">
      <UniqueIdentifier>{f8da4099-10e7-4b50-adc5-6b0a4443aedd}</UniqueIdentifier>
    </Filter>
    <Filter Include="Misc">
      <UniqueIdentifier>{38cc49d1-2542-4406-8a71-5c4df20b4ee3}</UniqueIdentifier>
    </Filter>
  </ItemGroup>
  <ItemGroup>
    <ClInclude Include="include\CoreTypes.h">
      <Filter>CoreLibrary</Filter>
    </ClInclude>
    <ClInclude Include="include\CoreLibraryPCH.h">
      <Filter>CoreLibrary</Filter>
    </ClInclude>
    <ClInclude Include="include\CoreDemo.h">
      <Filter>CoreLibrary</Filter>
    </ClInclude>
    <ClInclude Include="include\CoreAPI.h">
      <Filter>CoreLibrary</Filter>
    </ClInclude>
    <ClInclude Include="include\Misc\ConsoleManager.h">
      <Filter>Misc</Filter>
    </ClInclude>
  </ItemGroup>
  <ItemGroup>
    <ClCompile Include="source\CoreLibraryPCH.cpp">
      <Filter>CoreLibrary</Filter>
    </ClCompile>
    <ClCompile Include="source\Misc\ConsoleManager.cpp">
      <Filter>Misc</Filter>
    </ClCompile>
  </ItemGroup>
</Project>